{
  "lockfileVersion": 1,
  "workspaces": {
    "": {
      "name": "sphereon-test-client",
      "dependencies": {
        "@sphereon/oid4vci-client": "^0.17.0",
        "@sphereon/oid4vci-common": "^0.17.0",
        "did-resolver": "^4.1.0",
        "jose": "^5.6.3",
        "json-rpc-api-proxy": "github:Indicio-tech/json-rpc-api-proxy",
        "uuid": "^10.0.0",
      },
      "devDependencies": {
        "@types/bun": "latest",
        "@types/node": "^20.14.10",
      },
    },
  },
  "packages": {
    "@js-joda/core": ["@js-joda/core@5.6.3", "", {}, "sha512-T1rRxzdqkEXcou0ZprN1q9yDRlvzCPLqmlNt5IIsGBzoEVgLCCYrKEwc84+TvsXuAc95VAZwtWD2zVsKPY4bcA=="],

    "@js-joda/timezone": ["@js-joda/timezone@2.3.0", "", { "peerDependencies": { "@js-joda/core": ">=1.11.0" } }, "sha512-DHXdNs0SydSqC5f0oRJPpTcNfnpRojgBqMCFupQFv6WgeZAjU3DBx+A7JtaGPP3dHrP2Odi2N8Vf+uAm/8ynCQ=="],

    "@noble/hashes": ["@noble/hashes@1.6.1", "", {}, "sha512-pq5D8h10hHBjyqX+cfBm0i8JUXJ0UhczFc4r74zbuT9XgewFo2E3J1cOaGtdZynILNmQ685YWGzGE1Zv6io50w=="],

    "@sd-jwt/decode": ["@sd-jwt/decode@0.9.2", "", { "dependencies": { "@sd-jwt/types": "0.9.2", "@sd-jwt/utils": "0.9.2" } }, "sha512-jHY7hqk7EMkp6E2cB13QmXvRZN7njvAveVh+zKKy0kxpAM7DmcR4TqcDA4mc5y4lP8zWFUgbk7oGLCx2wiBq+w=="],

    "@sd-jwt/types": ["@sd-jwt/types@0.9.2", "", {}, "sha512-eV/MY80ekeTrqaohzPpkrgwPki6Igx69D6RniduV1Ehv6o/zaJQ2F0hY/RqBAkJhQtBQoOzouwKYHme40k1Dlw=="],

    "@sd-jwt/utils": ["@sd-jwt/utils@0.9.2", "", { "dependencies": { "@sd-jwt/types": "0.9.2", "js-base64": "^3.7.6" } }, "sha512-GpTD0isav2f+JyMyzeyf6wV3nYcD5e3oL+sVVr/61Y3oaIBGMWLtGGGhBRMCimSnd8kbb0P9jLxvp7ioASk6vw=="],

    "@sphereon/kmp-mdoc-core": ["@sphereon/kmp-mdoc-core@0.2.0-SNAPSHOT.26", "", { "dependencies": { "@js-joda/core": "5.6.3", "@js-joda/timezone": "2.3.0", "format-util": "^1.0.5" } }, "sha512-QXJ6R8ENiZV2rPMbn06cw5JKwqUYN1kzVRbYfONqE1PEXx1noQ4md7uxr2zSczi0ubKkNcbyYDNtIMTZIhGzmQ=="],

    "@sphereon/oid4vc-common": ["@sphereon/oid4vc-common@0.17.0", "", { "dependencies": { "@sphereon/ssi-types": "^0.32.1-next.161", "jwt-decode": "^4.0.0", "sha.js": "^2.4.11", "uint8arrays": "3.1.1", "uuid": "^9.0.0" } }, "sha512-FgDuoNxbO1lNRVc/QmEbKg26M4WP3gVhTcGVNzTSQZFQWCPh+blZpJsA9p7TLf1YKu5RGJ55snUitYnKTlc74Q=="],

    "@sphereon/oid4vci-client": ["@sphereon/oid4vci-client@0.17.0", "", { "dependencies": { "@sphereon/oid4vc-common": "0.17.0", "@sphereon/oid4vci-common": "0.17.0", "@sphereon/ssi-types": "^0.32.1-next.161", "cross-fetch": "^3.1.8", "debug": "^4.3.5" } }, "sha512-vp4nQGW1vuOAmdbxlYw0OIMXvEtqQJ2DQ9C8vmGADOkd+ZIcKS5Od19IeyZm/+AaVMZb4E6M0/6ziZatjOsKCg=="],

    "@sphereon/oid4vci-common": ["@sphereon/oid4vci-common@0.17.0", "", { "dependencies": { "@sphereon/oid4vc-common": "0.17.0", "@sphereon/ssi-types": "^0.32.1-next.161", "cross-fetch": "^3.1.8", "debug": "^4.3.5", "jwt-decode": "^4.0.0", "uint8arrays": "3.1.1", "uuid": "^9.0.0" } }, "sha512-AVgwi/gYNpW1WklO9XEYJ0tgt7RTPRYUUMLRE/rVRYOkaygLePmOaboUqhqjjZCnR0QnuXWuE8L2UZhtoN0t+w=="],

    "@sphereon/ssi-types": ["@sphereon/ssi-types@0.32.1-next.291", "", { "dependencies": { "@noble/hashes": "1.6.1", "@sd-jwt/decode": "^0.9.2", "@sphereon/kmp-mdoc-core": "0.2.0-SNAPSHOT.26", "debug": "^4.3.5", "events": "^3.3.0", "jwt-decode": "^4.0.0", "uint8arrays": "3.1.1" } }, "sha512-GQWjUaIyqsWnJK2Oah28lguv1d7e2tt4KaUOm4mqGZeOiOSnOHOVBNAzIP0+pDu1U2QmauVf/w8DdJqWDLgJbw=="],

    "@types/bun": ["@types/bun@1.1.6", "", { "dependencies": { "bun-types": "1.1.17" } }, "sha512-uJgKjTdX0GkWEHZzQzFsJkWp5+43ZS7HC8sZPFnOwnSo1AsNl2q9o2bFeS23disNDqbggEgyFkKCHl/w8iZsMA=="],

    "@types/node": ["@types/node@20.14.10", "", { "dependencies": { "undici-types": "~5.26.4" } }, "sha512-MdiXf+nDuMvY0gJKxyfZ7/6UFsETO7mGKF54MVD/ekJS6HdFtpZFBgrh6Pseu64XTb2MLyFPlbW6hj8HYRQNOQ=="],

    "@types/ws": ["@types/ws@8.5.10", "", { "dependencies": { "@types/node": "*" } }, "sha512-vmQSUcfalpIq0R9q7uTo2lXs6eGIpt9wtnLdMv9LVpIjCA/+ufZRozlVoVelIYixx1ugCBKDhn89vnsEGOCx9A=="],

    "bun-types": ["bun-types@1.1.17", "", { "dependencies": { "@types/node": "~20.12.8", "@types/ws": "~8.5.10" } }, "sha512-Z4+OplcSd/YZq7ZsrfD00DKJeCwuNY96a1IDJyR73+cTBaFIS7SC6LhpY/W3AMEXO9iYq5NJ58WAwnwL1p5vKg=="],

    "cross-fetch": ["cross-fetch@3.1.8", "", { "dependencies": { "node-fetch": "^2.6.12" } }, "sha512-cvA+JwZoU0Xq+h6WkMvAUqPEYy92Obet6UdKLfW60qn99ftItKjB5T+BkyWOFWe2pUyfQ+IJHmpOTznqk1M6Kg=="],

    "debug": ["debug@4.3.5", "", { "dependencies": { "ms": "2.1.2" } }, "sha512-pt0bNEmneDIvdL1Xsd9oDQ/wrQRkXDT4AUWlNZNPKvW5x/jyO9VFXkJUP07vQ2upmw5PlaITaPKc31jK13V+jg=="],

    "did-resolver": ["did-resolver@4.1.0", "", {}, "sha512-S6fWHvCXkZg2IhS4RcVHxwuyVejPR7c+a4Go0xbQ9ps5kILa8viiYQgrM4gfTyeTjJ0ekgJH9gk/BawTpmkbZA=="],

    "events": ["events@3.3.0", "", {}, "sha512-mQw+2fkQbALzQ7V0MY0IqdnXNOeTtP4r0lN9z7AAawCXgqea7bDii20AYrIBrFd/Hx0M2Ocz6S111CaFkUcb0Q=="],

    "format-util": ["format-util@1.0.5", "", {}, "sha512-varLbTj0e0yVyRpqQhuWV+8hlePAgaoFRhNFj50BNjEIrw1/DphHSObtqwskVCPWNgzwPoQrZAbfa/SBiicNeg=="],

    "inherits": ["inherits@2.0.4", "", {}, "sha512-k/vGaX4/Yla3WzyMCvTQOXYeIHvqOKtnqBduzTHpzpQZzAskKMhZ2K+EnBiSM9zGSoIFeMpXKxa4dYeZIQqewQ=="],

    "jose": ["jose@5.6.3", "", {}, "sha512-1Jh//hEEwMhNYPDDLwXHa2ePWgWiFNNUadVmguAAw2IJ6sj9mNxV5tGXJNqlMkJAybF6Lgw1mISDxTePP/187g=="],

    "js-base64": ["js-base64@3.7.7", "", {}, "sha512-7rCnleh0z2CkXhH67J8K1Ytz0b2Y+yxTPL+/KOJoa20hfnVQ/3/T6W/KflYI4bRHRagNeXeU2bkNGI3v1oS/lw=="],

    "json-rpc-2.0": ["json-rpc-2.0@1.7.0", "", {}, "sha512-asnLgC1qD5ytP+fvBP8uL0rvj+l8P6iYICbzZ8dVxCpESffVjzA7KkYkbKCIbavs7cllwH1ZUaNtJwphdeRqpg=="],

    "json-rpc-api-proxy": ["json-rpc-api-proxy@github:Indicio-tech/json-rpc-api-proxy#64fa227", { "dependencies": { "json-rpc-2.0": "^1.7.0" } }, "Indicio-tech-json-rpc-api-proxy-64fa227"],

    "jwt-decode": ["jwt-decode@4.0.0", "", {}, "sha512-+KJGIyHgkGuIq3IEBNftfhW/LfWhXUIY6OmyVWjliu5KH1y0fw7VQ8YndE2O4qZdMSd9SqbnC8GOcZEy0Om7sA=="],

    "ms": ["ms@2.1.2", "", {}, "sha512-sGkPx+VjMtmA6MX27oA4FBFELFCZZ4S4XqeGOXCv68tT+jb3vk/RyaKWP0PTKyWtmLSM0b+adUTEvbs1PEaH2w=="],

    "multiformats": ["multiformats@9.9.0", "", {}, "sha512-HoMUjhH9T8DDBNT+6xzkrd9ga/XiBI4xLr58LJACwK6G3HTOPeMz4nB4KJs33L2BelrIJa7P0VuNaVF3hMYfjg=="],

    "node-fetch": ["node-fetch@2.7.0", "", { "dependencies": { "whatwg-url": "^5.0.0" }, "peerDependencies": { "encoding": "^0.1.0" }, "optionalPeers": ["encoding"] }, "sha512-c4FRfUm/dbcWZ7U+1Wq0AwCyFL+3nt2bEw05wfxSz+DWpWsitgmSgYmy2dQdWyKC1694ELPqMs/YzUSNozLt8A=="],

    "safe-buffer": ["safe-buffer@5.2.1", "", {}, "sha512-rp3So07KcdmmKbGvgaNxQSJr7bGVSVk5S9Eq1F+ppbRo70+YeaDxkw5Dd8NPN+GD6bjnYm2VuPuCXmpuYvmCXQ=="],

    "sha.js": ["sha.js@2.4.11", "", { "dependencies": { "inherits": "^2.0.1", "safe-buffer": "^5.0.1" }, "bin": "bin.js" }, "sha512-QMEp5B7cftE7APOjk5Y6xgrbWu+WkLVQwk8JNjZ8nKRciZaByEW6MubieAiToS7+dwvrjGhH8jRXz3MVd0AYqQ=="],

    "tr46": ["tr46@0.0.3", "", {}, "sha512-N3WMsuqV66lT30CrXNbEjx4GEwlow3v6rr4mCcv6prnfwhS01rkgyFdjPNBYd9br7LpXV1+Emh01fHnq2Gdgrw=="],

    "uint8arrays": ["uint8arrays@3.1.1", "", { "dependencies": { "multiformats": "^9.4.2" } }, "sha512-+QJa8QRnbdXVpHYjLoTpJIdCTiw9Ir62nocClWuXIq2JIh4Uta0cQsTSpFL678p2CN8B+XSApwcU+pQEqVpKWg=="],

    "undici-types": ["undici-types@5.26.5", "", {}, "sha512-JlCMO+ehdEIKqlFxk6IfVoAUVmgz7cU7zD/h9XZ0qzeosSHmUJVOzSQvvYSYWXkFXC+IfLKSIffhv0sVZup6pA=="],

    "uuid": ["uuid@10.0.0", "", { "bin": { "uuid": "dist/bin/uuid" } }, "sha512-8XkAphELsDnEGrDxUOHB3RGvXz6TeuYSGEZBOjtTtPm2lwhGBjLgOzLHB63IUWfBpNucQjND6d3AOudO+H3RWQ=="],

    "webidl-conversions": ["webidl-conversions@3.0.1", "", {}, "sha512-2JAn3z8AR6rjK8Sm8orRC0h/bcl/DqL7tRPdGZ4I1CjdF+EaMLmYxBHyXuKL849eucPFhvBoxMsflfOb8kxaeQ=="],

    "whatwg-url": ["whatwg-url@5.0.0", "", { "dependencies": { "tr46": "~0.0.3", "webidl-conversions": "^3.0.0" } }, "sha512-saE57nupxk6v3HY35+jzBwYa0rKSy0XR8JSxZPwgLr7ys0IBzhGviA1/TUGJLmSVqs8pb9AnvICXEuOHLprYTw=="],

    "@sphereon/oid4vc-common/uuid": ["uuid@9.0.1", "", { "bin": { "uuid": "dist/bin/uuid" } }, "sha512-b+1eJOlsR9K8HJpow9Ok3fiWOWSIcIzXodvv0rQjVoOVNpWMpxf1wZNpt4y9h10odCNrqnYp1OBzRktckBe3sA=="],

    "@sphereon/oid4vci-common/uuid": ["uuid@9.0.1", "", { "bin": { "uuid": "dist/bin/uuid" } }, "sha512-b+1eJOlsR9K8HJpow9Ok3fiWOWSIcIzXodvv0rQjVoOVNpWMpxf1wZNpt4y9h10odCNrqnYp1OBzRktckBe3sA=="],

    "bun-types/@types/node": ["@types/node@20.12.14", "", { "dependencies": { "undici-types": "~5.26.4" } }, "sha512-scnD59RpYD91xngrQQLGkE+6UrHUPzeKZWhhjBSa3HSkwjbQc38+q3RoIVEwxQGRw3M+j5hpNAM+lgV3cVormg=="],
  }
}
